// !$*UTF8*$!
{
	archiveVersion = 1;
	classes = {
	};
	objectVersion = 55;
	objects = {

/* Begin PBXBuildFile section */
		3BB7195D27CC21A00092FF94 /* ExampleViewController.swift in Sources */ = {isa = PBXBuildFile; fileRef = 3BB7195C27CC21A00092FF94 /* ExampleViewController.swift */; };
		3BB87F0C27CC124600A63648 /* AppDelegate.swift in Sources */ = {isa = PBXBuildFile; fileRef = 3BB87F0B27CC124600A63648 /* AppDelegate.swift */; };
		3BB87F0E27CC124600A63648 /* SceneDelegate.swift in Sources */ = {isa = PBXBuildFile; fileRef = 3BB87F0D27CC124600A63648 /* SceneDelegate.swift */; };
		3BB87F1027CC124600A63648 /* ViewController.swift in Sources */ = {isa = PBXBuildFile; fileRef = 3BB87F0F27CC124600A63648 /* ViewController.swift */; };
		3BB87F1327CC124600A63648 /* Main.storyboard in Resources */ = {isa = PBXBuildFile; fileRef = 3BB87F1127CC124600A63648 /* Main.storyboard */; };
		3BB87F1527CC124800A63648 /* Assets.xcassets in Resources */ = {isa = PBXBuildFile; fileRef = 3BB87F1427CC124800A63648 /* Assets.xcassets */; };
		3BB87F1827CC124800A63648 /* LaunchScreen.storyboard in Resources */ = {isa = PBXBuildFile; fileRef = 3BB87F1627CC124800A63648 /* LaunchScreen.storyboard */; };
		3BB87F2327CC124800A63648 /* SWTestTests.swift in Sources */ = {isa = PBXBuildFile; fileRef = 3BB87F2227CC124800A63648 /* SWTestTests.swift */; };
		3BB87F2D27CC124800A63648 /* SWTestUITests.swift in Sources */ = {isa = PBXBuildFile; fileRef = 3BB87F2C27CC124800A63648 /* SWTestUITests.swift */; };
		3BB87F2F27CC124800A63648 /* SWTestUITestsLaunchTests.swift in Sources */ = {isa = PBXBuildFile; fileRef = 3BB87F2E27CC124800A63648 /* SWTestUITestsLaunchTests.swift */; };
/* End PBXBuildFile section */

/* Begin PBXContainerItemProxy section */
		3BB87F1F27CC124800A63648 /* PBXContainerItemProxy */ = {
			isa = PBXContainerItemProxy;
			containerPortal = 3BB87F0027CC124600A63648 /* Project object */;
			proxyType = 1;
			remoteGlobalIDString = 3BB87F0727CC124600A63648;
			remoteInfo = SWTest;
		};
		3BB87F2927CC124800A63648 /* PBXContainerItemProxy */ = {
			isa = PBXContainerItemProxy;
			containerPortal = 3BB87F0027CC124600A63648 /* Project object */;
			proxyType = 1;
			remoteGlobalIDString = 3BB87F0727CC124600A63648;
			remoteInfo = SWTest;
		};
/* End PBXContainerItemProxy section */

/* Begin PBXFileReference section */
		3BB7195C27CC21A00092FF94 /* ExampleViewController.swift */ = {isa = PBXFileReference; lastKnownFileType = sourcecode.swift; path = ExampleViewController.swift; sourceTree = "<group>"; };
		3BB87F0827CC124600A63648 /* SWTest.app */ = {isa = PBXFileReference; explicitFileType = wrapper.application; includeInIndex = 0; path = SWTest.app; sourceTree = BUILT_PRODUCTS_DIR; };
		3BB87F0B27CC124600A63648 /* AppDelegate.swift */ = {isa = PBXFileReference; lastKnownFileType = sourcecode.swift; path = AppDelegate.swift; sourceTree = "<group>"; };
		3BB87F0D27CC124600A63648 /* SceneDelegate.swift */ = {isa = PBXFileReference; lastKnownFileType = sourcecode.swift; path = SceneDelegate.swift; sourceTree = "<group>"; };
		3BB87F0F27CC124600A63648 /* ViewController.swift */ = {isa = PBXFileReference; lastKnownFileType = sourcecode.swift; path = ViewController.swift; sourceTree = "<group>"; };
		3BB87F1227CC124600A63648 /* Base */ = {isa = PBXFileReference; lastKnownFileType = file.storyboard; name = Base; path = Base.lproj/Main.storyboard; sourceTree = "<group>"; };
		3BB87F1427CC124800A63648 /* Assets.xcassets */ = {isa = PBXFileReference; lastKnownFileType = folder.assetcatalog; path = Assets.xcassets; sourceTree = "<group>"; };
		3BB87F1727CC124800A63648 /* Base */ = {isa = PBXFileReference; lastKnownFileType = file.storyboard; name = Base; path = Base.lproj/LaunchScreen.storyboard; sourceTree = "<group>"; };
		3BB87F1927CC124800A63648 /* Info.plist */ = {isa = PBXFileReference; lastKnownFileType = text.plist.xml; path = Info.plist; sourceTree = "<group>"; };
		3BB87F1E27CC124800A63648 /* SWTestTests.xctest */ = {isa = PBXFileReference; explicitFileType = wrapper.cfbundle; includeInIndex = 0; path = SWTestTests.xctest; sourceTree = BUILT_PRODUCTS_DIR; };
		3BB87F2227CC124800A63648 /* SWTestTests.swift */ = {isa = PBXFileReference; lastKnownFileType = sourcecode.swift; path = SWTestTests.swift; sourceTree = "<group>"; };
		3BB87F2827CC124800A63648 /* SWTestUITests.xctest */ = {isa = PBXFileReference; explicitFileType = wrapper.cfbundle; includeInIndex = 0; path = SWTestUITests.xctest; sourceTree = BUILT_PRODUCTS_DIR; };
		3BB87F2C27CC124800A63648 /* SWTestUITests.swift */ = {isa = PBXFileReference; lastKnownFileType = sourcecode.swift; path = SWTestUITests.swift; sourceTree = "<group>"; };
		3BB87F2E27CC124800A63648 /* SWTestUITestsLaunchTests.swift */ = {isa = PBXFileReference; lastKnownFileType = sourcecode.swift; path = SWTestUITestsLaunchTests.swift; sourceTree = "<group>"; };
/* End PBXFileReference section */

/* Begin PBXFrameworksBuildPhase section */
		3BB87F0527CC124600A63648 /* Frameworks */ = {
			isa = PBXFrameworksBuildPhase;
			buildActionMask = 2147483647;
			files = (
			);
			runOnlyForDeploymentPostprocessing = 0;
		};
		3BB87F1B27CC124800A63648 /* Frameworks */ = {
			isa = PBXFrameworksBuildPhase;
			buildActionMask = 2147483647;
			files = (
			);
			runOnlyForDeploymentPostprocessing = 0;
		};
		3BB87F2527CC124800A63648 /* Frameworks */ = {
			isa = PBXFrameworksBuildPhase;
			buildActionMask = 2147483647;
			files = (
			);
			runOnlyForDeploymentPostprocessing = 0;
		};
/* End PBXFrameworksBuildPhase section */

/* Begin PBXGroup section */
		3BB87EFF27CC124600A63648 = {
			isa = PBXGroup;
			children = (
				3BB87F0A27CC124600A63648 /* SWTest */,
				3BB87F2127CC124800A63648 /* SWTestTests */,
				3BB87F2B27CC124800A63648 /* SWTestUITests */,
				3BB87F0927CC124600A63648 /* Products */,
			);
			sourceTree = "<group>";
		};
		3BB87F0927CC124600A63648 /* Products */ = {
			isa = PBXGroup;
			children = (
				3BB87F0827CC124600A63648 /* SWTest.app */,
				3BB87F1E27CC124800A63648 /* SWTestTests.xctest */,
				3BB87F2827CC124800A63648 /* SWTestUITests.xctest */,
			);
			name = Products;
			sourceTree = "<group>";
		};
		3BB87F0A27CC124600A63648 /* SWTest */ = {
			isa = PBXGroup;
			children = (
				3BB87F0B27CC124600A63648 /* AppDelegate.swift */,
				3BB87F0D27CC124600A63648 /* SceneDelegate.swift */,
				3BB87F0F27CC124600A63648 /* ViewController.swift */,
				3BB87F1127CC124600A63648 /* Main.storyboard */,
				3BB87F1427CC124800A63648 /* Assets.xcassets */,
				3BB87F1627CC124800A63648 /* LaunchScreen.storyboard */,
				3BB87F1927CC124800A63648 /* Info.plist */,
				3BB7195C27CC21A00092FF94 /* ExampleViewController.swift */,
			);
			path = SWTest;
			sourceTree = "<group>";
		};
		3BB87F2127CC124800A63648 /* SWTestTests */ = {
			isa = PBXGroup;
			children = (
				3BB87F2227CC124800A63648 /* SWTestTests.swift */,
			);
			path = SWTestTests;
			sourceTree = "<group>";
		};
		3BB87F2B27CC124800A63648 /* SWTestUITests */ = {
			isa = PBXGroup;
			children = (
				3BB87F2C27CC124800A63648 /* SWTestUITests.swift */,
				3BB87F2E27CC124800A63648 /* SWTestUITestsLaunchTests.swift */,
			);
			path = SWTestUITests;
			sourceTree = "<group>";
		};
/* End PBXGroup section */

/* Begin PBXNativeTarget section */
		3BB87F0727CC124600A63648 /* SWTest */ = {
			isa = PBXNativeTarget;
			buildConfigurationList = 3BB87F3227CC124800A63648 /* Build configuration list for PBXNativeTarget "SWTest" */;
			buildPhases = (
				3BB87F0427CC124600A63648 /* Sources */,
				3BB87F0527CC124600A63648 /* Frameworks */,
				3BB87F0627CC124600A63648 /* Resources */,
			);
			buildRules = (
			);
			dependencies = (
			);
			name = SWTest;
			productName = SWTest;
			productReference = 3BB87F0827CC124600A63648 /* SWTest.app */;
			productType = "com.apple.product-type.application";
		};
		3BB87F1D27CC124800A63648 /* SWTestTests */ = {
			isa = PBXNativeTarget;
			buildConfigurationList = 3BB87F3527CC124800A63648 /* Build configuration list for PBXNativeTarget "SWTestTests" */;
			buildPhases = (
				3BB87F1A27CC124800A63648 /* Sources */,
				3BB87F1B27CC124800A63648 /* Frameworks */,
				3BB87F1C27CC124800A63648 /* Resources */,
			);
			buildRules = (
			);
			dependencies = (
				3BB87F2027CC124800A63648 /* PBXTargetDependency */,
			);
			name = SWTestTests;
			productName = SWTestTests;
			productReference = 3BB87F1E27CC124800A63648 /* SWTestTests.xctest */;
			productType = "com.apple.product-type.bundle.unit-test";
		};
		3BB87F2727CC124800A63648 /* SWTestUITests */ = {
			isa = PBXNativeTarget;
			buildConfigurationList = 3BB87F3827CC124800A63648 /* Build configuration list for PBXNativeTarget "SWTestUITests" */;
			buildPhases = (
				3BB87F2427CC124800A63648 /* Sources */,
				3BB87F2527CC124800A63648 /* Frameworks */,
				3BB87F2627CC124800A63648 /* Resources */,
			);
			buildRules = (
			);
			dependencies = (
				3BB87F2A27CC124800A63648 /* PBXTargetDependency */,
			);
			name = SWTestUITests;
			productName = SWTestUITests;
			productReference = 3BB87F2827CC124800A63648 /* SWTestUITests.xctest */;
			productType = "com.apple.product-type.bundle.ui-testing";
		};
/* End PBXNativeTarget section */

/* Begin PBXProject section */
		3BB87F0027CC124600A63648 /* Project object */ = {
			isa = PBXProject;
			attributes = {
				BuildIndependentTargetsInParallel = 1;
				LastSwiftUpdateCheck = 1310;
				LastUpgradeCheck = 1310;
				TargetAttributes = {
					3BB87F0727CC124600A63648 = {
						CreatedOnToolsVersion = 13.1;
					};
					3BB87F1D27CC124800A63648 = {
						CreatedOnToolsVersion = 13.1;
						TestTargetID = 3BB87F0727CC124600A63648;
					};
					3BB87F2727CC124800A63648 = {
						CreatedOnToolsVersion = 13.1;
						TestTargetID = 3BB87F0727CC124600A63648;
					};
				};
			};
			buildConfigurationList = 3BB87F0327CC124600A63648 /* Build configuration list for PBXProject "SWTest" */;
			compatibilityVersion = "Xcode 13.0";
			developmentRegion = en;
			hasScannedForEncodings = 0;
			knownRegions = (
				en,
				Base,
			);
			mainGroup = 3BB87EFF27CC124600A63648;
			productRefGroup = 3BB87F0927CC124600A63648 /* Products */;
			projectDirPath = "";
			projectRoot = "";
			targets = (
				3BB87F0727CC124600A63648 /* SWTest */,
				3BB87F1D27CC124800A63648 /* SWTestTests */,
				3BB87F2727CC124800A63648 /* SWTestUITests */,
			);
		};
/* End PBXProject section */

/* Begin PBXResourcesBuildPhase section */
		3BB87F0627CC124600A63648 /* Resources */ = {
			isa = PBXResourcesBuildPhase;
			buildActionMask = 2147483647;
			files = (
				3BB87F1827CC124800A63648 /* LaunchScreen.storyboard in Resources */,
				3BB87F1527CC124800A63648 /* Assets.xcassets in Resources */,
				3BB87F1327CC124600A63648 /* Main.storyboard in Resources */,
			);
			runOnlyForDeploymentPostprocessing = 0;
		};
		3BB87F1C27CC124800A63648 /* Resources */ = {
			isa = PBXResourcesBuildPhase;
			buildActionMask = 2147483647;
			files = (
			);
			runOnlyForDeploymentPostprocessing = 0;
		};
		3BB87F2627CC124800A63648 /* Resources */ = {
			isa = PBXResourcesBuildPhase;
			buildActionMask = 2147483647;
			files = (
			);
			runOnlyForDeploymentPostprocessing = 0;
		};
/* End PBXResourcesBuildPhase section */

/* Begin PBXSourcesBuildPhase section */
		3BB87F0427CC124600A63648 /* Sources */ = {
			isa = PBXSourcesBuildPhase;
			buildActionMask = 2147483647;
			files = (
				3BB87F1027CC124600A63648 /* ViewController.swift in Sources */,
				3BB7195D27CC21A00092FF94 /* ExampleViewController.swift in Sources */,
				3BB87F0C27CC124600A63648 /* AppDelegate.swift in Sources */,
				3BB87F0E27CC124600A63648 /* SceneDelegate.swift in Sources */,
			);
			runOnlyForDeploymentPostprocessing = 0;
		};
		3BB87F1A27CC124800A63648 /* Sources */ = {
			isa = PBXSourcesBuildPhase;
			buildActionMask = 2147483647;
			files = (
				3BB87F2327CC124800A63648 /* SWTestTests.swift in Sources */,
			);
			runOnlyForDeploymentPostprocessing = 0;
		};
		3BB87F2427CC124800A63648 /* Sources */ = {
			isa = PBXSourcesBuildPhase;
			buildActionMask = 2147483647;
			files = (
				3BB87F2F27CC124800A63648 /* SWTestUITestsLaunchTests.swift in Sources */,
				3BB87F2D27CC124800A63648 /* SWTestUITests.swift in Sources */,
			);
			runOnlyForDeploymentPostprocessing = 0;
		};
/* End PBXSourcesBuildPhase section */

/* Begin PBXTargetDependency section */
		3BB87F2027CC124800A63648 /* PBXTargetDependency */ = {
			isa = PBXTargetDependency;
			target = 3BB87F0727CC124600A63648 /* SWTest */;
			targetProxy = 3BB87F1F27CC124800A63648 /* PBXContainerItemProxy */;
		};
		3BB87F2A27CC124800A63648 /* PBXTargetDependency */ = {
			isa = PBXTargetDependency;
			target = 3BB87F0727CC124600A63648 /* SWTest */;
			targetProxy = 3BB87F2927CC124800A63648 /* PBXContainerItemProxy */;
		};
/* End PBXTargetDependency section */

/* Begin PBXVariantGroup section */
		3BB87F1127CC124600A63648 /* Main.storyboard */ = {
			isa = PBXVariantGroup;
			children = (
				3BB87F1227CC124600A63648 /* Base */,
			);
			name = Main.storyboard;
			sourceTree = "<group>";
		};
		3BB87F1627CC124800A63648 /* LaunchScreen.storyboard */ = {
			isa = PBXVariantGroup;
			children = (
				3BB87F1727CC124800A63648 /* Base */,
			);
			name = LaunchScreen.storyboard;
			sourceTree = "<group>";
		};
/* End PBXVariantGroup section */

/* Begin XCBuildConfiguration section */
		3BB87F3027CC124800A63648 /* Debug */ = {
			isa = XCBuildConfiguration;
			buildSettings = {
				ALWAYS_SEARCH_USER_PATHS = NO;
				CLANG_ANALYZER_NONNULL = YES;
				CLANG_ANALYZER_NUMBER_OBJECT_CONVERSION = YES_AGGRESSIVE;
				CLANG_CXX_LANGUAGE_STANDARD = "gnu++17";
				CLANG_CXX_LIBRARY = "libc++";
				CLANG_ENABLE_MODULES = YES;
				CLANG_ENABLE_OBJC_ARC = YES;
				CLANG_ENABLE_OBJC_WEAK = YES;
				CLANG_WARN_BLOCK_CAPTURE_AUTORELEASING = YES;
				CLANG_WARN_BOOL_CONVERSION = YES;
				CLANG_WARN_COMMA = YES;
				CLANG_WARN_CONSTANT_CONVERSION = YES;
				CLANG_WARN_DEPRECATED_OBJC_IMPLEMENTATIONS = YES;
				CLANG_WARN_DIRECT_OBJC_ISA_USAGE = YES_ERROR;
				CLANG_WARN_DOCUMENTATION_COMMENTS = YES;
				CLANG_WARN_EMPTY_BODY = YES;
				CLANG_WARN_ENUM_CONVERSION = YES;
				CLANG_WARN_INFINITE_RECURSION = YES;
				CLANG_WARN_INT_CONVERSION = YES;
				CLANG_WARN_NON_LITERAL_NULL_CONVERSION = YES;
				CLANG_WARN_OBJC_IMPLICIT_RETAIN_SELF = YES;
				CLANG_WARN_OBJC_LITERAL_CONVERSION = YES;
				CLANG_WARN_OBJC_ROOT_CLASS = YES_ERROR;
				CLANG_WARN_QUOTED_INCLUDE_IN_FRAMEWORK_HEADER = YES;
				CLANG_WARN_RANGE_LOOP_ANALYSIS = YES;
				CLANG_WARN_STRICT_PROTOTYPES = YES;
				CLANG_WARN_SUSPICIOUS_MOVE = YES;
				CLANG_WARN_UNGUARDED_AVAILABILITY = YES_AGGRESSIVE;
				CLANG_WARN_UNREACHABLE_CODE = YES;
				CLANG_WARN__DUPLICATE_METHOD_MATCH = YES;
				COPY_PHASE_STRIP = NO;
				DEBUG_INFORMATION_FORMAT = dwarf;
				ENABLE_STRICT_OBJC_MSGSEND = YES;
				ENABLE_TESTABILITY = YES;
				GCC_C_LANGUAGE_STANDARD = gnu11;
				GCC_DYNAMIC_NO_PIC = NO;
				GCC_NO_COMMON_BLOCKS = YES;
				GCC_OPTIMIZATION_LEVEL = 0;
				GCC_PREPROCESSOR_DEFINITIONS = (
					"DEBUG=1",
					"$(inherited)",
				);
				GCC_WARN_64_TO_32_BIT_CONVERSION = YES;
				GCC_WARN_ABOUT_RETURN_TYPE = YES_ERROR;
				GCC_WARN_UNDECLARED_SELECTOR = YES;
				GCC_WARN_UNINITIALIZED_AUTOS = YES_AGGRESSIVE;
				GCC_WARN_UNUSED_FUNCTION = YES;
				GCC_WARN_UNUSED_VARIABLE = YES;
				IPHONEOS_DEPLOYMENT_TARGET = 15.0;
				MTL_ENABLE_DEBUG_INFO = INCLUDE_SOURCE;
				MTL_FAST_MATH = YES;
				ONLY_ACTIVE_ARCH = YES;
				SDKROOT = iphoneos;
				SWIFT_ACTIVE_COMPILATION_CONDITIONS = DEBUG;
				SWIFT_OPTIMIZATION_LEVEL = "-Onone";
			};
			name = Debug;
		};
		3BB87F3127CC124800A63648 /* Release */ = {
			isa = XCBuildConfiguration;
			buildSettings = {
				ALWAYS_SEARCH_USER_PATHS = NO;
				CLANG_ANALYZER_NONNULL = YES;
				CLANG_ANALYZER_NUMBER_OBJECT_CONVERSION = YES_AGGRESSIVE;
				CLANG_CXX_LANGUAGE_STANDARD = "gnu++17";
				CLANG_CXX_LIBRARY = "libc++";
				CLANG_ENABLE_MODULES = YES;
				CLANG_ENABLE_OBJC_ARC = YES;
				CLANG_ENABLE_OBJC_WEAK = YES;
				CLANG_WARN_BLOCK_CAPTURE_AUTORELEASING = YES;
				CLANG_WARN_BOOL_CONVERSION = YES;
				CLANG_WARN_COMMA = YES;
				CLANG_WARN_CONSTANT_CONVERSION = YES;
				CLANG_WARN_DEPRECATED_OBJC_IMPLEMENTATIONS = YES;
				CLANG_WARN_DIRECT_OBJC_ISA_USAGE = YES_ERROR;
				CLANG_WARN_DOCUMENTATION_COMMENTS = YES;
				CLANG_WARN_EMPTY_BODY = YES;
				CLANG_WARN_ENUM_CONVERSION = YES;
				CLANG_WARN_INFINITE_RECURSION = YES;
				CLANG_WARN_INT_CONVERSION = YES;
				CLANG_WARN_NON_LITERAL_NULL_CONVERSION = YES;
				CLANG_WARN_OBJC_IMPLICIT_RETAIN_SELF = YES;
				CLANG_WARN_OBJC_LITERAL_CONVERSION = YES;
				CLANG_WARN_OBJC_ROOT_CLASS = YES_ERROR;
				CLANG_WARN_QUOTED_INCLUDE_IN_FRAMEWORK_HEADER = YES;
				CLANG_WARN_RANGE_LOOP_ANALYSIS = YES;
				CLANG_WARN_STRICT_PROTOTYPES = YES;
				CLANG_WARN_SUSPICIOUS_MOVE = YES;
				CLANG_WARN_UNGUARDED_AVAILABILITY = YES_AGGRESSIVE;
				CLANG_WARN_UNREACHABLE_CODE = YES;
				CLANG_WARN__DUPLICATE_METHOD_MATCH = YES;
				COPY_PHASE_STRIP = NO;
				DEBUG_INFORMATION_FORMAT = "dwarf-with-dsym";
				ENABLE_NS_ASSERTIONS = NO;
				ENABLE_STRICT_OBJC_MSGSEND = YES;
				GCC_C_LANGUAGE_STANDARD = gnu11;
				GCC_NO_COMMON_BLOCKS = YES;
				GCC_WARN_64_TO_32_BIT_CONVERSION = YES;
				GCC_WARN_ABOUT_RETURN_TYPE = YES_ERROR;
				GCC_WARN_UNDECLARED_SELECTOR = YES;
				GCC_WARN_UNINITIALIZED_AUTOS = YES_AGGRESSIVE;
				GCC_WARN_UNUSED_FUNCTION = YES;
				GCC_WARN_UNUSED_VARIABLE = YES;
				IPHONEOS_DEPLOYMENT_TARGET = 15.0;
				MTL_ENABLE_DEBUG_INFO = NO;
				MTL_FAST_MATH = YES;
				SDKROOT = iphoneos;
				SWIFT_COMPILATION_MODE = wholemodule;
				SWIFT_OPTIMIZATION_LEVEL = "-O";
				VALIDATE_PRODUCT = YES;
			};
			name = Release;
		};
		3BB87F3327CC124800A63648 /* Debug */ = {
			isa = XCBuildConfiguration;
			buildSettings = {
				ASSETCATALOG_COMPILER_APPICON_NAME = AppIcon;
				ASSETCATALOG_COMPILER_GLOBAL_ACCENT_COLOR_NAME = AccentColor;
				CODE_SIGN_STYLE = Automatic;
				CURRENT_PROJECT_VERSION = 1;
				DEVELOPMENT_TEAM = LTXRX4CQGC;
				GENERATE_INFOPLIST_FILE = YES;
				INFOPLIST_FILE = SWTest/Info.plist;
				INFOPLIST_KEY_UIApplicationSupportsIndirectInputEvents = YES;
				INFOPLIST_KEY_UILaunchStoryboardName = LaunchScreen;
				INFOPLIST_KEY_UIMainStoryboardFile = Main;
				INFOPLIST_KEY_UISupportedInterfaceOrientations_iPad = "UIInterfaceOrientationPortrait UIInterfaceOrientationPortraitUpsideDown UIInterfaceOrientationLandscapeLeft UIInterfaceOrientationLandscapeRight";
				INFOPLIST_KEY_UISupportedInterfaceOrientations_iPhone = "UIInterfaceOrientationPortrait UIInterfaceOrientationLandscapeLeft UIInterfaceOrientationLandscapeRight";
				LD_RUNPATH_SEARCH_PATHS = (
					"$(inherited)",
					"@executable_path/Frameworks",
				);
				MARKETING_VERSION = 1.0;
				PRODUCT_BUNDLE_IDENTIFIER = com.paultiarks.SWTest;
				PRODUCT_NAME = "$(TARGET_NAME)";
				SWIFT_EMIT_LOC_STRINGS = YES;
				SWIFT_VERSION = 5.0;
				TARGETED_DEVICE_FAMILY = "1,2";
			};
			name = Debug;
		};
		3BB87F3427CC124800A63648 /* Release */ = {
			isa = XCBuildConfiguration;
			buildSettings = {
				ASSETCATALOG_COMPILER_APPICON_NAME = AppIcon;
				ASSETCATALOG_COMPILER_GLOBAL_ACCENT_COLOR_NAME = AccentColor;
				CODE_SIGN_STYLE = Automatic;
				CURRENT_PROJECT_VERSION = 1;
				DEVELOPMENT_TEAM = LTXRX4CQGC;
				GENERATE_INFOPLIST_FILE = YES;
				INFOPLIST_FILE = SWTest/Info.plist;
				INFOPLIST_KEY_UIApplicationSupportsIndirectInputEvents = YES;
				INFOPLIST_KEY_UILaunchStoryboardName = LaunchScreen;
				INFOPLIST_KEY_UIMainStoryboardFile = Main;
				INFOPLIST_KEY_UISupportedInterfaceOrientations_iPad = "UIInterfaceOrientationPortrait UIInterfaceOrientationPortraitUpsideDown UIInterfaceOrientationLandscapeLeft UIInterfaceOrientationLandscapeRight";
				INFOPLIST_KEY_UISupportedInterfaceOrientations_iPhone = "UIInterfaceOrientationPortrait UIInterfaceOrientationLandscapeLeft UIInterfaceOrientationLandscapeRight";
				LD_RUNPATH_SEARCH_PATHS = (
					"$(inherited)",
					"@executable_path/Frameworks",
				);
				MARKETING_VERSION = 1.0;
				PRODUCT_BUNDLE_IDENTIFIER = com.paultiarks.SWTest;
				PRODUCT_NAME = "$(TARGET_NAME)";
				SWIFT_EMIT_LOC_STRINGS = YES;
				SWIFT_VERSION = 5.0;
				TARGETED_DEVICE_FAMILY = "1,2";
			};
			name = Release;
		};
		3BB87F3627CC124800A63648 /* Debug */ = {
			isa = XCBuildConfiguration;
			buildSettings = {
				ALWAYS_EMBED_SWIFT_STANDARD_LIBRARIES = YES;
				BUNDLE_LOADER = "$(TEST_HOST)";
				CODE_SIGN_STYLE = Automatic;
				CURRENT_PROJECT_VERSION = 1;
				DEVELOPMENT_TEAM = LTXRX4CQGC;
				GENERATE_INFOPLIST_FILE = YES;
				IPHONEOS_DEPLOYMENT_TARGET = 15.0;
				LD_RUNPATH_SEARCH_PATHS = (
					"$(inherited)",
					"@executable_path/Frameworks",
					"@loader_path/Frameworks",
				);
				MARKETING_VERSION = 1.0;
				PRODUCT_BUNDLE_IDENTIFIER = com.paultiarks.SWTestTests;
				PRODUCT_NAME = "$(TARGET_NAME)";
				SWIFT_EMIT_LOC_STRINGS = NO;
				SWIFT_VERSION = 5.0;
				TARGETED_DEVICE_FAMILY = "1,2";
				TEST_HOST = "$(BUILT_PRODUCTS_DIR)/SWTest.app/SWTest";
			};
			name = Debug;
		};
		3BB87F3727CC124800A63648 /* Release */ = {
			isa = XCBuildConfiguration;
			buildSettings = {
				ALWAYS_EMBED_SWIFT_STANDARD_LIBRARIES = YES;
				BUNDLE_LOADER = "$(TEST_HOST)";
				CODE_SIGN_STYLE = Automatic;
				CURRENT_PROJECT_VERSION = 1;
				DEVELOPMENT_TEAM = LTXRX4CQGC;
				GENERATE_INFOPLIST_FILE = YES;
				IPHONEOS_DEPLOYMENT_TARGET = 15.0;
				LD_RUNPATH_SEARCH_PATHS = (
					"$(inherited)",
					"@executable_path/Frameworks",
					"@loader_path/Frameworks",
				);
				MARKETING_VERSION = 1.0;
				PRODUCT_BUNDLE_IDENTIFIER = com.paultiarks.SWTestTests;
				PRODUCT_NAME = "$(TARGET_NAME)";
				SWIFT_EMIT_LOC_STRINGS = NO;
				SWIFT_VERSION = 5.0;
				TARGETED_DEVICE_FAMILY = "1,2";
				TEST_HOST = "$(BUILT_PRODUCTS_DIR)/SWTest.app/SWTest";
			};
			name = Release;
		};
		3BB87F3927CC124800A63648 /* Debug */ = {
			isa = XCBuildConfiguration;
			buildSettings = {
				ALWAYS_EMBED_SWIFT_STANDARD_LIBRARIES = YES;
				CODE_SIGN_STYLE = Automatic;
				CURRENT_PROJECT_VERSION = 1;
				DEVELOPMENT_TEAM = LTXRX4CQGC;
				GENERATE_INFOPLIST_FILE = YES;
				LD_RUNPATH_SEARCH_PATHS = (
					"$(inherited)",
					"@executable_path/Frameworks",
					"@loader_path/Frameworks",
				);
				MARKETING_VERSION = 1.0;
				PRODUCT_BUNDLE_IDENTIFIER = com.paultiarks.SWTestUITests;
				PRODUCT_NAME = "$(TARGET_NAME)";
				SWIFT_EMIT_LOC_STRINGS = NO;
				SWIFT_VERSION = 5.0;
				TARGETED_DEVICE_FAMILY = "1,2";
				TEST_TARGET_NAME = SWTest;
			};
			name = Debug;
		};
		3BB87F3A27CC124800A63648 /* Release */ = {
			isa = XCBuildConfiguration;
			buildSettings = {
				ALWAYS_EMBED_SWIFT_STANDARD_LIBRARIES = YES;
				CODE_SIGN_STYLE = Automatic;
				CURRENT_PROJECT_VERSION = 1;
				DEVELOPMENT_TEAM = LTXRX4CQGC;
				GENERATE_INFOPLIST_FILE = YES;
				LD_RUNPATH_SEARCH_PATHS = (
					"$(inherited)",
					"@executable_path/Frameworks",
					"@loader_path/Frameworks",
				);
				MARKETING_VERSION = 1.0;
				PRODUCT_BUNDLE_IDENTIFIER = com.paultiarks.SWTestUITests;
				PRODUCT_NAME = "$(TARGET_NAME)";
				SWIFT_EMIT_LOC_STRINGS = NO;
				SWIFT_VERSION = 5.0;
				TARGETED_DEVICE_FAMILY = "1,2";
				TEST_TARGET_NAME = SWTest;
			};
			name = Release;
		};
/* End XCBuildConfiguration section */

/* Begin XCConfigurationList section */
		3BB87F0327CC124600A63648 /* Build configuration list for PBXProject "SWTest" */ = {
			isa = XCConfigurationList;
			buildConfigurations = (
				3BB87F3027CC124800A63648 /* Debug */,
				3BB87F3127CC124800A63648 /* Release */,
			);
			defaultConfigurationIsVisible = 0;
			defaultConfigurationName = Release;
		};
		3BB87F3227CC124800A63648 /* Build configuration list for PBXNativeTarget "SWTest" */ = {
			isa = XCConfigurationList;
			buildConfigurations = (
				3BB87F3327CC124800A63648 /* Debug */,
				3BB87F3427CC124800A63648 /* Release */,
			);
			defaultConfigurationIsVisible = 0;
			defaultConfigurationName = Release;
		};
		3BB87F3527CC124800A63648 /* Build configuration list for PBXNativeTarget "SWTestTests" */ = {
			isa = XCConfigurationList;
			buildConfigurations = (
				3BB87F3627CC124800A63648 /* Debug */,
				3BB87F3727CC124800A63648 /* Release */,
			);
			defaultConfigurationIsVisible = 0;
			defaultConfigurationName = Release;
		};
		3BB87F3827CC124800A63648 /* Build configuration list for PBXNativeTarget "SWTestUITests" */ = {
			isa = XCConfigurationList;
			buildConfigurations = (
				3BB87F3927CC124800A63648 /* Debug */,
				3BB87F3A27CC124800A63648 /* Release */,
			);
			defaultConfigurationIsVisible = 0;
			defaultConfigurationName = Release;
		};
/* End XCConfigurationList section */
	};
	rootObject = 3BB87F0027CC124600A63648 /* Project object */;
}
